
Microsoft Visual Studio Solution File, Format Version 12.00
# Visual Studio Version 16
VisualStudioVersion = 16.0.31729.503
MinimumVisualStudioVersion = 10.0.40219.1
Project("{FAE04EC0-301F-11D3-BF4B-00C04F79EFBC}") = "OpthClinicAPI", "OpthClinicAPI.csproj", "{CA768834-81AB-4593-B588-3B113C02C4A8}"
EndProject
Project("{FAE04EC0-301F-11D3-BF4B-00C04F79EFBC}") = "Infrastructure", "..\Infrastructure\Infrastructure.csproj", "{F6F8086E-85D0-4141-AFD9-F1BDEDC4F8DD}"
EndProject
Project("{FAE04EC0-301F-11D3-BF4B-00C04F79EFBC}") = "Domain", "..\Domain\Domain.csproj", "{4BB33BCC-4987-4AD9-9521-F132274B175B}"
EndProject
Project("{FAE04EC0-301F-11D3-BF4B-00C04F79EFBC}") = "Application", "..\Application\Application.csproj", "{AF40920C-4B88-47A9-B7A3-0A09F3ACB1F3}"
EndProject
Global
	GlobalSection(SolutionConfigurationPlatforms) = preSolution
		Debug|Any CPU = Debug|Any CPU
		Release|Any CPU = Release|Any CPU
	EndGlobalSection
	GlobalSection(ProjectConfigurationPlatforms) = postSolution
		{CA768834-81AB-4593-B588-3B113C02C4A8}.Debug|Any CPU.ActiveCfg = Debug|Any CPU
		{CA768834-81AB-4593-B588-3B113C02C4A8}.Debug|Any CPU.Build.0 = Debug|Any CPU
		{CA768834-81AB-4593-B588-3B113C02C4A8}.Release|Any CPU.ActiveCfg = Release|Any CPU
		{CA768834-81AB-4593-B588-3B113C02C4A8}.Release|Any CPU.Build.0 = Release|Any CPU
		{F6F8086E-85D0-4141-AFD9-F1BDEDC4F8DD}.Debug|Any CPU.ActiveCfg = Debug|Any CPU
		{F6F8086E-85D0-4141-AFD9-F1BDEDC4F8DD}.Debug|Any CPU.Build.0 = Debug|Any CPU
		{F6F8086E-85D0-4141-AFD9-F1BDEDC4F8DD}.Release|Any CPU.ActiveCfg = Release|Any CPU
		{F6F8086E-85D0-4141-AFD9-F1BDEDC4F8DD}.Release|Any CPU.Build.0 = Release|Any CPU
		{4BB33BCC-4987-4AD9-9521-F132274B175B}.Debug|Any CPU.ActiveCfg = Debug|Any CPU
		{4BB33BCC-4987-4AD9-9521-F132274B175B}.Debug|Any CPU.Build.0 = Debug|Any CPU
		{4BB33BCC-4987-4AD9-9521-F132274B175B}.Release|Any CPU.ActiveCfg = Release|Any CPU
		{4BB33BCC-4987-4AD9-9521-F132274B175B}.Release|Any CPU.Build.0 = Release|Any CPU
		{AF40920C-4B88-47A9-B7A3-0A09F3ACB1F3}.Debug|Any CPU.ActiveCfg = Debug|Any CPU
		{AF40920C-4B88-47A9-B7A3-0A09F3ACB1F3}.Debug|Any CPU.Build.0 = Debug|Any CPU
		{AF40920C-4B88-47A9-B7A3-0A09F3ACB1F3}.Release|Any CPU.ActiveCfg = Release|Any CPU
		{AF40920C-4B88-47A9-B7A3-0A09F3ACB1F3}.Release|Any CPU.Build.0 = Release|Any CPU
	EndGlobalSection
	GlobalSection(SolutionProperties) = preSolution
		HideSolutionNode = FALSE
	EndGlobalSection
	GlobalSection(ExtensibilityGlobals) = postSolution
		SolutionGuid = {A1411C60-52F5-48B0-B92A-8730F2ADB1C7}
	EndGlobalSection
EndGlobal
